
Microsoft Visual Studio Solution File, Format Version 12.00
# Visual Studio Version 17
VisualStudioVersion = 17.0.31903.59
MinimumVisualStudioVersion = 10.0.40219.1
Project("{2150E333-8FDC-42A3-9474-1A3956D46DE8}") = "src", "src", "{827E0CD3-B72D-47B6-A68D-7590B98EB39B}"
EndProject
Project("{FAE04EC0-301F-11D3-BF4B-00C04F79EFBC}") = "EventHub.Api", "src\EventHub.Api\EventHub.Api.csproj", "{B9E0FCBC-4BDD-4E69-B336-CE15C70FF7D3}"
EndProject
Project("{FAE04EC0-301F-11D3-BF4B-00C04F79EFBC}") = "EventHub.Application", "src\EventHub.Application\EventHub.Application.csproj", "{A74E9A19-3AEE-45B9-BFE7-F24F201EF95C}"
EndProject
Project("{FAE04EC0-301F-11D3-BF4B-00C04F79EFBC}") = "EventHub.Domain", "src\EventHub.Domain\EventHub.Domain.csproj", "{74FB1017-45E6-4F1C-AFFA-0F44B1459FE0}"
EndProject
Project("{FAE04EC0-301F-11D3-BF4B-00C04F79EFBC}") = "EventHub.Infrastructure", "src\EventHub.Infrastructure\EventHub.Infrastructure.csproj", "{A4D88F07-28B0-48FF-B795-42963681A9EE}"
EndProject
Project("{FAE04EC0-301F-11D3-BF4B-00C04F79EFBC}") = "EventHub.UnitTests", "tests\EventHub.UnitTests\EventHub.UnitTests.csproj", "{C897C1C3-570B-4919-837E-01E3D6195308}"
EndProject
Project("{FAE04EC0-301F-11D3-BF4B-00C04F79EFBC}") = "EventHub.IntegrationTests", "tests\EventHub.IntegrationTests\EventHub.IntegrationTests.csproj", "{DE36CAFA-D9E0-4144-B0BA-1ECD9A661A9B}"
EndProject
Global
	GlobalSection(SolutionConfigurationPlatforms) = preSolution
		Debug|Any CPU = Debug|Any CPU
		Debug|x64 = Debug|x64
		Debug|x86 = Debug|x86
		Release|Any CPU = Release|Any CPU
		Release|x64 = Release|x64
		Release|x86 = Release|x86
	EndGlobalSection
	GlobalSection(ProjectConfigurationPlatforms) = postSolution
		{B9E0FCBC-4BDD-4E69-B336-CE15C70FF7D3}.Debug|Any CPU.ActiveCfg = Debug|Any CPU
		{B9E0FCBC-4BDD-4E69-B336-CE15C70FF7D3}.Debug|Any CPU.Build.0 = Debug|Any CPU
		{B9E0FCBC-4BDD-4E69-B336-CE15C70FF7D3}.Debug|x64.ActiveCfg = Debug|Any CPU
		{B9E0FCBC-4BDD-4E69-B336-CE15C70FF7D3}.Debug|x64.Build.0 = Debug|Any CPU
		{B9E0FCBC-4BDD-4E69-B336-CE15C70FF7D3}.Debug|x86.ActiveCfg = Debug|Any CPU
		{B9E0FCBC-4BDD-4E69-B336-CE15C70FF7D3}.Debug|x86.Build.0 = Debug|Any CPU
		{B9E0FCBC-4BDD-4E69-B336-CE15C70FF7D3}.Release|Any CPU.ActiveCfg = Release|Any CPU
		{B9E0FCBC-4BDD-4E69-B336-CE15C70FF7D3}.Release|Any CPU.Build.0 = Release|Any CPU
		{B9E0FCBC-4BDD-4E69-B336-CE15C70FF7D3}.Release|x64.ActiveCfg = Release|Any CPU
		{B9E0FCBC-4BDD-4E69-B336-CE15C70FF7D3}.Release|x64.Build.0 = Release|Any CPU
		{B9E0FCBC-4BDD-4E69-B336-CE15C70FF7D3}.Release|x86.ActiveCfg = Release|Any CPU
		{B9E0FCBC-4BDD-4E69-B336-CE15C70FF7D3}.Release|x86.Build.0 = Release|Any CPU
		{A74E9A19-3AEE-45B9-BFE7-F24F201EF95C}.Debug|Any CPU.ActiveCfg = Debug|Any CPU
		{A74E9A19-3AEE-45B9-BFE7-F24F201EF95C}.Debug|Any CPU.Build.0 = Debug|Any CPU
		{A74E9A19-3AEE-45B9-BFE7-F24F201EF95C}.Debug|x64.ActiveCfg = Debug|Any CPU
		{A74E9A19-3AEE-45B9-BFE7-F24F201EF95C}.Debug|x64.Build.0 = Debug|Any CPU
		{A74E9A19-3AEE-45B9-BFE7-F24F201EF95C}.Debug|x86.ActiveCfg = Debug|Any CPU
		{A74E9A19-3AEE-45B9-BFE7-F24F201EF95C}.Debug|x86.Build.0 = Debug|Any CPU
		{A74E9A19-3AEE-45B9-BFE7-F24F201EF95C}.Release|Any CPU.ActiveCfg = Release|Any CPU
		{A74E9A19-3AEE-45B9-BFE7-F24F201EF95C}.Release|Any CPU.Build.0 = Release|Any CPU
		{A74E9A19-3AEE-45B9-BFE7-F24F201EF95C}.Release|x64.ActiveCfg = Release|Any CPU
		{A74E9A19-3AEE-45B9-BFE7-F24F201EF95C}.Release|x64.Build.0 = Release|Any CPU
		{A74E9A19-3AEE-45B9-BFE7-F24F201EF95C}.Release|x86.ActiveCfg = Release|Any CPU
		{A74E9A19-3AEE-45B9-BFE7-F24F201EF95C}.Release|x86.Build.0 = Release|Any CPU
		{74FB1017-45E6-4F1C-AFFA-0F44B1459FE0}.Debug|Any CPU.ActiveCfg = Debug|Any CPU
		{74FB1017-45E6-4F1C-AFFA-0F44B1459FE0}.Debug|Any CPU.Build.0 = Debug|Any CPU
		{74FB1017-45E6-4F1C-AFFA-0F44B1459FE0}.Debug|x64.ActiveCfg = Debug|Any CPU
		{74FB1017-45E6-4F1C-AFFA-0F44B1459FE0}.Debug|x64.Build.0 = Debug|Any CPU
		{74FB1017-45E6-4F1C-AFFA-0F44B1459FE0}.Debug|x86.ActiveCfg = Debug|Any CPU
		{74FB1017-45E6-4F1C-AFFA-0F44B1459FE0}.Debug|x86.Build.0 = Debug|Any CPU
		{74FB1017-45E6-4F1C-AFFA-0F44B1459FE0}.Release|Any CPU.ActiveCfg = Release|Any CPU
		{74FB1017-45E6-4F1C-AFFA-0F44B1459FE0}.Release|Any CPU.Build.0 = Release|Any CPU
		{74FB1017-45E6-4F1C-AFFA-0F44B1459FE0}.Release|x64.ActiveCfg = Release|Any CPU
		{74FB1017-45E6-4F1C-AFFA-0F44B1459FE0}.Release|x64.Build.0 = Release|Any CPU
		{74FB1017-45E6-4F1C-AFFA-0F44B1459FE0}.Release|x86.ActiveCfg = Release|Any CPU
		{74FB1017-45E6-4F1C-AFFA-0F44B1459FE0}.Release|x86.Build.0 = Release|Any CPU
		{A4D88F07-28B0-48FF-B795-42963681A9EE}.Debug|Any CPU.ActiveCfg = Debug|Any CPU
		{A4D88F07-28B0-48FF-B795-42963681A9EE}.Debug|Any CPU.Build.0 = Debug|Any CPU
		{A4D88F07-28B0-48FF-B795-42963681A9EE}.Debug|x64.ActiveCfg = Debug|Any CPU
		{A4D88F07-28B0-48FF-B795-42963681A9EE}.Debug|x64.Build.0 = Debug|Any CPU
		{A4D88F07-28B0-48FF-B795-42963681A9EE}.Debug|x86.ActiveCfg = Debug|Any CPU
		{A4D88F07-28B0-48FF-B795-42963681A9EE}.Debug|x86.Build.0 = Debug|Any CPU
		{A4D88F07-28B0-48FF-B795-42963681A9EE}.Release|Any CPU.ActiveCfg = Release|Any CPU
		{A4D88F07-28B0-48FF-B795-42963681A9EE}.Release|Any CPU.Build.0 = Release|Any CPU
		{A4D88F07-28B0-48FF-B795-42963681A9EE}.Release|x64.ActiveCfg = Release|Any CPU
		{A4D88F07-28B0-48FF-B795-42963681A9EE}.Release|x64.Build.0 = Release|Any CPU
		{A4D88F07-28B0-48FF-B795-42963681A9EE}.Release|x86.ActiveCfg = Release|Any CPU
		{A4D88F07-28B0-48FF-B795-42963681A9EE}.Release|x86.Build.0 = Release|Any CPU
		{C897C1C3-570B-4919-837E-01E3D6195308}.Debug|Any CPU.ActiveCfg = Debug|Any CPU
		{C897C1C3-570B-4919-837E-01E3D6195308}.Debug|Any CPU.Build.0 = Debug|Any CPU
		{C897C1C3-570B-4919-837E-01E3D6195308}.Debug|x64.ActiveCfg = Debug|Any CPU
		{C897C1C3-570B-4919-837E-01E3D6195308}.Debug|x64.Build.0 = Debug|Any CPU
		{C897C1C3-570B-4919-837E-01E3D6195308}.Debug|x86.ActiveCfg = Debug|Any CPU
		{C897C1C3-570B-4919-837E-01E3D6195308}.Debug|x86.Build.0 = Debug|Any CPU
		{C897C1C3-570B-4919-837E-01E3D6195308}.Release|Any CPU.ActiveCfg = Release|Any CPU
		{C897C1C3-570B-4919-837E-01E3D6195308}.Release|Any CPU.Build.0 = Release|Any CPU
		{C897C1C3-570B-4919-837E-01E3D6195308}.Release|x64.ActiveCfg = Release|Any CPU
		{C897C1C3-570B-4919-837E-01E3D6195308}.Release|x64.Build.0 = Release|Any CPU
		{C897C1C3-570B-4919-837E-01E3D6195308}.Release|x86.ActiveCfg = Release|Any CPU
		{C897C1C3-570B-4919-837E-01E3D6195308}.Release|x86.Build.0 = Release|Any CPU
		{DE36CAFA-D9E0-4144-B0BA-1ECD9A661A9B}.Debug|Any CPU.ActiveCfg = Debug|Any CPU
		{DE36CAFA-D9E0-4144-B0BA-1ECD9A661A9B}.Debug|Any CPU.Build.0 = Debug|Any CPU
		{DE36CAFA-D9E0-4144-B0BA-1ECD9A661A9B}.Debug|x64.ActiveCfg = Debug|Any CPU
		{DE36CAFA-D9E0-4144-B0BA-1ECD9A661A9B}.Debug|x64.Build.0 = Debug|Any CPU
		{DE36CAFA-D9E0-4144-B0BA-1ECD9A661A9B}.Debug|x86.ActiveCfg = Debug|Any CPU
		{DE36CAFA-D9E0-4144-B0BA-1ECD9A661A9B}.Debug|x86.Build.0 = Debug|Any CPU
		{DE36CAFA-D9E0-4144-B0BA-1ECD9A661A9B}.Release|Any CPU.ActiveCfg = Release|Any CPU
		{DE36CAFA-D9E0-4144-B0BA-1ECD9A661A9B}.Release|Any CPU.Build.0 = Release|Any CPU
		{DE36CAFA-D9E0-4144-B0BA-1ECD9A661A9B}.Release|x64.ActiveCfg = Release|Any CPU
		{DE36CAFA-D9E0-4144-B0BA-1ECD9A661A9B}.Release|x64.Build.0 = Release|Any CPU
		{DE36CAFA-D9E0-4144-B0BA-1ECD9A661A9B}.Release|x86.ActiveCfg = Release|Any CPU
		{DE36CAFA-D9E0-4144-B0BA-1ECD9A661A9B}.Release|x86.Build.0 = Release|Any CPU
	EndGlobalSection
	GlobalSection(SolutionProperties) = preSolution
		HideSolutionNode = FALSE
	EndGlobalSection
	GlobalSection(NestedProjects) = preSolution
		{B9E0FCBC-4BDD-4E69-B336-CE15C70FF7D3} = {827E0CD3-B72D-47B6-A68D-7590B98EB39B}
		{A74E9A19-3AEE-45B9-BFE7-F24F201EF95C} = {827E0CD3-B72D-47B6-A68D-7590B98EB39B}
		{74FB1017-45E6-4F1C-AFFA-0F44B1459FE0} = {827E0CD3-B72D-47B6-A68D-7590B98EB39B}
		{A4D88F07-28B0-48FF-B795-42963681A9EE} = {827E0CD3-B72D-47B6-A68D-7590B98EB39B}
		{C897C1C3-570B-4919-837E-01E3D6195308} = {827E0CD3-B72D-47B6-A68D-7590B98EB39B}
		{DE36CAFA-D9E0-4144-B0BA-1ECD9A661A9B} = {827E0CD3-B72D-47B6-A68D-7590B98EB39B}
	EndGlobalSection
EndGlobal
